
Microsoft Visual Studio Solution File, Format Version 12.00
# Visual Studio 2013
VisualStudioVersion = 12.0.30723.0
MinimumVisualStudioVersion = 10.0.40219.1
Project("{FAE04EC0-301F-11D3-BF4B-00C04F79EFBC}") = "Logic5", "Logic5\Logic5.csproj", "{AAF1D7CE-DBA7-450D-9226-02090617C104}"
EndProject
Project("{FAE04EC0-301F-11D3-BF4B-00C04F79EFBC}") = "exambase", "exambase\exambase.csproj", "{94285F0F-8B88-4D6F-95FE-F370A6882D7B}"
EndProject
Global
	GlobalSection(SolutionConfigurationPlatforms) = preSolution
		Debug|Any CPU = Debug|Any CPU
		Release|Any CPU = Release|Any CPU
	EndGlobalSection
	GlobalSection(ProjectConfigurationPlatforms) = postSolution
		{AAF1D7CE-DBA7-450D-9226-02090617C104}.Debug|Any CPU.ActiveCfg = Debug|Any CPU
		{AAF1D7CE-DBA7-450D-9226-02090617C104}.Debug|Any CPU.Build.0 = Debug|Any CPU
		{AAF1D7CE-DBA7-450D-9226-02090617C104}.Release|Any CPU.ActiveCfg = Release|Any CPU
		{AAF1D7CE-DBA7-450D-9226-02090617C104}.Release|Any CPU.Build.0 = Release|Any CPU
		{94285F0F-8B88-4D6F-95FE-F370A6882D7B}.Debug|Any CPU.ActiveCfg = Debug|Any CPU
		{94285F0F-8B88-4D6F-95FE-F370A6882D7B}.Debug|Any CPU.Build.0 = Debug|Any CPU
		{94285F0F-8B88-4D6F-95FE-F370A6882D7B}.Release|Any CPU.ActiveCfg = Release|Any CPU
		{94285F0F-8B88-4D6F-95FE-F370A6882D7B}.Release|Any CPU.Build.0 = Release|Any CPU
	EndGlobalSection
	GlobalSection(SolutionProperties) = preSolution
		HideSolutionNode = FALSE
	EndGlobalSection
EndGlobal
