
Microsoft Visual Studio Solution File, Format Version 12.00
# Visual Studio 2013
VisualStudioVersion = 12.0.30723.0
MinimumVisualStudioVersion = 10.0.40219.1
Project("{FAE04EC0-301F-11D3-BF4B-00C04F79EFBC}") = "Logic 7", "Logic 7\Logic 7.csproj", "{E864DFCC-A1C3-46C9-925F-83B43EE3D9AB}"
EndProject
Project("{FAE04EC0-301F-11D3-BF4B-00C04F79EFBC}") = "exambases", "exambases\exambases.csproj", "{54BCDA27-F566-48C2-8358-25428CC5266C}"
EndProject
Global
	GlobalSection(SolutionConfigurationPlatforms) = preSolution
		Debug|Any CPU = Debug|Any CPU
		Release|Any CPU = Release|Any CPU
	EndGlobalSection
	GlobalSection(ProjectConfigurationPlatforms) = postSolution
		{E864DFCC-A1C3-46C9-925F-83B43EE3D9AB}.Debug|Any CPU.ActiveCfg = Debug|Any CPU
		{E864DFCC-A1C3-46C9-925F-83B43EE3D9AB}.Debug|Any CPU.Build.0 = Debug|Any CPU
		{E864DFCC-A1C3-46C9-925F-83B43EE3D9AB}.Release|Any CPU.ActiveCfg = Release|Any CPU
		{E864DFCC-A1C3-46C9-925F-83B43EE3D9AB}.Release|Any CPU.Build.0 = Release|Any CPU
		{54BCDA27-F566-48C2-8358-25428CC5266C}.Debug|Any CPU.ActiveCfg = Debug|Any CPU
		{54BCDA27-F566-48C2-8358-25428CC5266C}.Debug|Any CPU.Build.0 = Debug|Any CPU
		{54BCDA27-F566-48C2-8358-25428CC5266C}.Release|Any CPU.ActiveCfg = Release|Any CPU
		{54BCDA27-F566-48C2-8358-25428CC5266C}.Release|Any CPU.Build.0 = Release|Any CPU
	EndGlobalSection
	GlobalSection(SolutionProperties) = preSolution
		HideSolutionNode = FALSE
	EndGlobalSection
EndGlobal
