
Microsoft Visual Studio Solution File, Format Version 12.00
# Visual Studio 2013
VisualStudioVersion = 12.0.30723.0
MinimumVisualStudioVersion = 10.0.40219.1
Project("{FAE04EC0-301F-11D3-BF4B-00C04F79EFBC}") = "Logic3", "Logic3\Logic3.csproj", "{05A0CA4C-1F5F-421E-B6FF-CB625C9FA658}"
EndProject
Project("{FAE04EC0-301F-11D3-BF4B-00C04F79EFBC}") = "exambase", "exambase\exambase.csproj", "{7B4CA0ED-0CEE-46B2-91BD-5CDA83F6EA29}"
EndProject
Global
	GlobalSection(SolutionConfigurationPlatforms) = preSolution
		Debug|Any CPU = Debug|Any CPU
		Release|Any CPU = Release|Any CPU
	EndGlobalSection
	GlobalSection(ProjectConfigurationPlatforms) = postSolution
		{05A0CA4C-1F5F-421E-B6FF-CB625C9FA658}.Debug|Any CPU.ActiveCfg = Debug|Any CPU
		{05A0CA4C-1F5F-421E-B6FF-CB625C9FA658}.Debug|Any CPU.Build.0 = Debug|Any CPU
		{05A0CA4C-1F5F-421E-B6FF-CB625C9FA658}.Release|Any CPU.ActiveCfg = Release|Any CPU
		{05A0CA4C-1F5F-421E-B6FF-CB625C9FA658}.Release|Any CPU.Build.0 = Release|Any CPU
		{7B4CA0ED-0CEE-46B2-91BD-5CDA83F6EA29}.Debug|Any CPU.ActiveCfg = Debug|Any CPU
		{7B4CA0ED-0CEE-46B2-91BD-5CDA83F6EA29}.Debug|Any CPU.Build.0 = Debug|Any CPU
		{7B4CA0ED-0CEE-46B2-91BD-5CDA83F6EA29}.Release|Any CPU.ActiveCfg = Release|Any CPU
		{7B4CA0ED-0CEE-46B2-91BD-5CDA83F6EA29}.Release|Any CPU.Build.0 = Release|Any CPU
	EndGlobalSection
	GlobalSection(SolutionProperties) = preSolution
		HideSolutionNode = FALSE
	EndGlobalSection
EndGlobal
